
Microsoft Visual Studio Solution File, Format Version 12.00
# Visual Studio 2013
VisualStudioVersion = 12.0.30723.0
MinimumVisualStudioVersion = 10.0.40219.1
Project("{FAE04EC0-301F-11D3-BF4B-00C04F79EFBC}") = "Snake.Core", "Snake.Core\Snake.Core.csproj", "{939040E2-1052-4157-8190-86AFDE6AE6CB}"
EndProject
Project("{FAE04EC0-301F-11D3-BF4B-00C04F79EFBC}") = "Snake.IOS", "Snake.IOS\Snake.IOS.csproj", "{1506F2E2-4349-4F73-8B15-33EA50B2CD36}"
EndProject
Project("{FAE04EC0-301F-11D3-BF4B-00C04F79EFBC}") = "Snake.Android", "Snake.Android\Snake.Android.csproj", "{EFD8274A-8DD8-44D7-A8F5-479CC75A43F1}"
EndProject
Project("{2150E333-8FDC-42A3-9474-1A3956D46DE8}") = "Windows", "Windows", "{07BF4011-D013-4989-BC1E-1B1593E47E06}"
EndProject
Project("{FAE04EC0-301F-11D3-BF4B-00C04F79EFBC}") = "Snake.Windows", "Snake.Windows\Snake.Windows\Snake.Windows.csproj", "{8F3D6BBF-33A2-420C-8063-35454EA72462}"
EndProject
Project("{FAE04EC0-301F-11D3-BF4B-00C04F79EFBC}") = "Snake.WindowsPhone", "Snake.Windows\Snake.WindowsPhone\Snake.WindowsPhone.csproj", "{87CF7AB7-CD72-4DE7-B4FD-55AC3097CB93}"
EndProject
Project("{D954291E-2A0B-460D-934E-DC6B0785DB48}") = "Snake.Shared", "Snake.Windows\Snake.Shared\Snake.Shared.shproj", "{8465DD18-327E-42F7-A0CD-4BFDA69642E4}"
EndProject
Global
	GlobalSection(SharedMSBuildProjectFiles) = preSolution
		Snake.Windows\Snake.Shared\Snake.Shared.projitems*{8f3d6bbf-33a2-420c-8063-35454ea72462}*SharedItemsImports = 4
		Snake.Windows\Snake.Shared\Snake.Shared.projitems*{8465dd18-327e-42f7-a0cd-4bfda69642e4}*SharedItemsImports = 13
		Snake.Windows\Snake.Shared\Snake.Shared.projitems*{87cf7ab7-cd72-4de7-b4fd-55ac3097cb93}*SharedItemsImports = 4
	EndGlobalSection
	GlobalSection(SolutionConfigurationPlatforms) = preSolution
		Ad-Hoc|Any CPU = Ad-Hoc|Any CPU
		Ad-Hoc|iPhone = Ad-Hoc|iPhone
		Ad-Hoc|iPhoneSimulator = Ad-Hoc|iPhoneSimulator
		Ad-Hoc|Mixed Platforms = Ad-Hoc|Mixed Platforms
		AppStore|Any CPU = AppStore|Any CPU
		AppStore|iPhone = AppStore|iPhone
		AppStore|iPhoneSimulator = AppStore|iPhoneSimulator
		AppStore|Mixed Platforms = AppStore|Mixed Platforms
		Debug|Any CPU = Debug|Any CPU
		Debug|iPhone = Debug|iPhone
		Debug|iPhoneSimulator = Debug|iPhoneSimulator
		Debug|Mixed Platforms = Debug|Mixed Platforms
		Release|Any CPU = Release|Any CPU
		Release|iPhone = Release|iPhone
		Release|iPhoneSimulator = Release|iPhoneSimulator
		Release|Mixed Platforms = Release|Mixed Platforms
	EndGlobalSection
	GlobalSection(ProjectConfigurationPlatforms) = postSolution
		{939040E2-1052-4157-8190-86AFDE6AE6CB}.Ad-Hoc|Any CPU.ActiveCfg = Release|Any CPU
		{939040E2-1052-4157-8190-86AFDE6AE6CB}.Ad-Hoc|Any CPU.Build.0 = Release|Any CPU
		{939040E2-1052-4157-8190-86AFDE6AE6CB}.Ad-Hoc|iPhone.ActiveCfg = Debug|Any CPU
		{939040E2-1052-4157-8190-86AFDE6AE6CB}.Ad-Hoc|iPhone.Build.0 = Debug|Any CPU
		{939040E2-1052-4157-8190-86AFDE6AE6CB}.Ad-Hoc|iPhoneSimulator.ActiveCfg = Release|Any CPU
		{939040E2-1052-4157-8190-86AFDE6AE6CB}.Ad-Hoc|Mixed Platforms.ActiveCfg = Debug|Any CPU
		{939040E2-1052-4157-8190-86AFDE6AE6CB}.Ad-Hoc|Mixed Platforms.Build.0 = Debug|Any CPU
		{939040E2-1052-4157-8190-86AFDE6AE6CB}.AppStore|Any CPU.ActiveCfg = Release|Any CPU
		{939040E2-1052-4157-8190-86AFDE6AE6CB}.AppStore|Any CPU.Build.0 = Release|Any CPU
		{939040E2-1052-4157-8190-86AFDE6AE6CB}.AppStore|iPhone.ActiveCfg = Debug|Any CPU
		{939040E2-1052-4157-8190-86AFDE6AE6CB}.AppStore|iPhone.Build.0 = Debug|Any CPU
		{939040E2-1052-4157-8190-86AFDE6AE6CB}.AppStore|iPhoneSimulator.ActiveCfg = Release|Any CPU
		{939040E2-1052-4157-8190-86AFDE6AE6CB}.AppStore|Mixed Platforms.ActiveCfg = Debug|Any CPU
		{939040E2-1052-4157-8190-86AFDE6AE6CB}.AppStore|Mixed Platforms.Build.0 = Debug|Any CPU
		{939040E2-1052-4157-8190-86AFDE6AE6CB}.Debug|Any CPU.ActiveCfg = Release|Any CPU
		{939040E2-1052-4157-8190-86AFDE6AE6CB}.Debug|Any CPU.Build.0 = Release|Any CPU
		{939040E2-1052-4157-8190-86AFDE6AE6CB}.Debug|iPhone.ActiveCfg = Debug|Any CPU
		{939040E2-1052-4157-8190-86AFDE6AE6CB}.Debug|iPhone.Build.0 = Debug|Any CPU
		{939040E2-1052-4157-8190-86AFDE6AE6CB}.Debug|iPhoneSimulator.ActiveCfg = Debug|Any CPU
		{939040E2-1052-4157-8190-86AFDE6AE6CB}.Debug|iPhoneSimulator.Build.0 = Debug|Any CPU
		{939040E2-1052-4157-8190-86AFDE6AE6CB}.Debug|Mixed Platforms.ActiveCfg = Debug|Any CPU
		{939040E2-1052-4157-8190-86AFDE6AE6CB}.Debug|Mixed Platforms.Build.0 = Debug|Any CPU
		{939040E2-1052-4157-8190-86AFDE6AE6CB}.Release|Any CPU.ActiveCfg = Release|Any CPU
		{939040E2-1052-4157-8190-86AFDE6AE6CB}.Release|Any CPU.Build.0 = Release|Any CPU
		{939040E2-1052-4157-8190-86AFDE6AE6CB}.Release|iPhone.ActiveCfg = Release|Any CPU
		{939040E2-1052-4157-8190-86AFDE6AE6CB}.Release|iPhone.Build.0 = Release|Any CPU
		{939040E2-1052-4157-8190-86AFDE6AE6CB}.Release|iPhoneSimulator.ActiveCfg = Release|Any CPU
		{939040E2-1052-4157-8190-86AFDE6AE6CB}.Release|iPhoneSimulator.Build.0 = Release|Any CPU
		{939040E2-1052-4157-8190-86AFDE6AE6CB}.Release|Mixed Platforms.ActiveCfg = Release|Any CPU
		{939040E2-1052-4157-8190-86AFDE6AE6CB}.Release|Mixed Platforms.Build.0 = Release|Any CPU
		{1506F2E2-4349-4F73-8B15-33EA50B2CD36}.Ad-Hoc|Any CPU.ActiveCfg = Ad-Hoc|iPhoneSimulator
		{1506F2E2-4349-4F73-8B15-33EA50B2CD36}.Ad-Hoc|iPhone.ActiveCfg = Ad-Hoc|iPhone
		{1506F2E2-4349-4F73-8B15-33EA50B2CD36}.Ad-Hoc|iPhone.Build.0 = Ad-Hoc|iPhone
		{1506F2E2-4349-4F73-8B15-33EA50B2CD36}.Ad-Hoc|iPhoneSimulator.ActiveCfg = Ad-Hoc|iPhoneSimulator
		{1506F2E2-4349-4F73-8B15-33EA50B2CD36}.Ad-Hoc|iPhoneSimulator.Build.0 = Ad-Hoc|iPhoneSimulator
		{1506F2E2-4349-4F73-8B15-33EA50B2CD36}.Ad-Hoc|Mixed Platforms.ActiveCfg = Ad-Hoc|iPhone
		{1506F2E2-4349-4F73-8B15-33EA50B2CD36}.Ad-Hoc|Mixed Platforms.Build.0 = Ad-Hoc|iPhone
		{1506F2E2-4349-4F73-8B15-33EA50B2CD36}.AppStore|Any CPU.ActiveCfg = AppStore|iPhoneSimulator
		{1506F2E2-4349-4F73-8B15-33EA50B2CD36}.AppStore|iPhone.ActiveCfg = AppStore|iPhone
		{1506F2E2-4349-4F73-8B15-33EA50B2CD36}.AppStore|iPhone.Build.0 = AppStore|iPhone
		{1506F2E2-4349-4F73-8B15-33EA50B2CD36}.AppStore|iPhoneSimulator.ActiveCfg = AppStore|iPhoneSimulator
		{1506F2E2-4349-4F73-8B15-33EA50B2CD36}.AppStore|iPhoneSimulator.Build.0 = AppStore|iPhoneSimulator
		{1506F2E2-4349-4F73-8B15-33EA50B2CD36}.AppStore|Mixed Platforms.ActiveCfg = AppStore|iPhone
		{1506F2E2-4349-4F73-8B15-33EA50B2CD36}.AppStore|Mixed Platforms.Build.0 = AppStore|iPhone
		{1506F2E2-4349-4F73-8B15-33EA50B2CD36}.Debug|Any CPU.ActiveCfg = Debug|iPhoneSimulator
		{1506F2E2-4349-4F73-8B15-33EA50B2CD36}.Debug|Any CPU.Build.0 = Debug|iPhoneSimulator
		{1506F2E2-4349-4F73-8B15-33EA50B2CD36}.Debug|iPhone.ActiveCfg = Debug|iPhone
		{1506F2E2-4349-4F73-8B15-33EA50B2CD36}.Debug|iPhone.Build.0 = Debug|iPhone
		{1506F2E2-4349-4F73-8B15-33EA50B2CD36}.Debug|iPhoneSimulator.ActiveCfg = Debug|iPhoneSimulator
		{1506F2E2-4349-4F73-8B15-33EA50B2CD36}.Debug|iPhoneSimulator.Build.0 = Debug|iPhoneSimulator
		{1506F2E2-4349-4F73-8B15-33EA50B2CD36}.Debug|Mixed Platforms.ActiveCfg = Debug|iPhone
		{1506F2E2-4349-4F73-8B15-33EA50B2CD36}.Release|Any CPU.ActiveCfg = Release|iPhoneSimulator
		{1506F2E2-4349-4F73-8B15-33EA50B2CD36}.Release|iPhone.ActiveCfg = Release|iPhone
		{1506F2E2-4349-4F73-8B15-33EA50B2CD36}.Release|iPhone.Build.0 = Release|iPhone
		{1506F2E2-4349-4F73-8B15-33EA50B2CD36}.Release|iPhoneSimulator.ActiveCfg = Release|iPhoneSimulator
		{1506F2E2-4349-4F73-8B15-33EA50B2CD36}.Release|iPhoneSimulator.Build.0 = Release|iPhoneSimulator
		{1506F2E2-4349-4F73-8B15-33EA50B2CD36}.Release|Mixed Platforms.ActiveCfg = Release|iPhone
		{1506F2E2-4349-4F73-8B15-33EA50B2CD36}.Release|Mixed Platforms.Build.0 = Release|iPhone
		{EFD8274A-8DD8-44D7-A8F5-479CC75A43F1}.Ad-Hoc|Any CPU.ActiveCfg = Release|Any CPU
		{EFD8274A-8DD8-44D7-A8F5-479CC75A43F1}.Ad-Hoc|Any CPU.Build.0 = Release|Any CPU
		{EFD8274A-8DD8-44D7-A8F5-479CC75A43F1}.Ad-Hoc|Any CPU.Deploy.0 = Release|Any CPU
		{EFD8274A-8DD8-44D7-A8F5-479CC75A43F1}.Ad-Hoc|iPhone.ActiveCfg = Release|Any CPU
		{EFD8274A-8DD8-44D7-A8F5-479CC75A43F1}.Ad-Hoc|iPhoneSimulator.ActiveCfg = Release|Any CPU
		{EFD8274A-8DD8-44D7-A8F5-479CC75A43F1}.Ad-Hoc|Mixed Platforms.ActiveCfg = Release|Any CPU
		{EFD8274A-8DD8-44D7-A8F5-479CC75A43F1}.Ad-Hoc|Mixed Platforms.Build.0 = Release|Any CPU
		{EFD8274A-8DD8-44D7-A8F5-479CC75A43F1}.Ad-Hoc|Mixed Platforms.Deploy.0 = Release|Any CPU
		{EFD8274A-8DD8-44D7-A8F5-479CC75A43F1}.AppStore|Any CPU.ActiveCfg = Release|Any CPU
		{EFD8274A-8DD8-44D7-A8F5-479CC75A43F1}.AppStore|Any CPU.Build.0 = Release|Any CPU
		{EFD8274A-8DD8-44D7-A8F5-479CC75A43F1}.AppStore|Any CPU.Deploy.0 = Release|Any CPU
		{EFD8274A-8DD8-44D7-A8F5-479CC75A43F1}.AppStore|iPhone.ActiveCfg = Release|Any CPU
		{EFD8274A-8DD8-44D7-A8F5-479CC75A43F1}.AppStore|iPhoneSimulator.ActiveCfg = Release|Any CPU
		{EFD8274A-8DD8-44D7-A8F5-479CC75A43F1}.AppStore|Mixed Platforms.ActiveCfg = Release|Any CPU
		{EFD8274A-8DD8-44D7-A8F5-479CC75A43F1}.AppStore|Mixed Platforms.Build.0 = Release|Any CPU
		{EFD8274A-8DD8-44D7-A8F5-479CC75A43F1}.AppStore|Mixed Platforms.Deploy.0 = Release|Any CPU
		{EFD8274A-8DD8-44D7-A8F5-479CC75A43F1}.Debug|Any CPU.ActiveCfg = Release|Any CPU
		{EFD8274A-8DD8-44D7-A8F5-479CC75A43F1}.Debug|Any CPU.Build.0 = Release|Any CPU
		{EFD8274A-8DD8-44D7-A8F5-479CC75A43F1}.Debug|Any CPU.Deploy.0 = Release|Any CPU
		{EFD8274A-8DD8-44D7-A8F5-479CC75A43F1}.Debug|iPhone.ActiveCfg = Debug|Any CPU
		{EFD8274A-8DD8-44D7-A8F5-479CC75A43F1}.Debug|iPhoneSimulator.ActiveCfg = Debug|Any CPU
		{EFD8274A-8DD8-44D7-A8F5-479CC75A43F1}.Debug|Mixed Platforms.ActiveCfg = Debug|Any CPU
		{EFD8274A-8DD8-44D7-A8F5-479CC75A43F1}.Debug|Mixed Platforms.Build.0 = Debug|Any CPU
		{EFD8274A-8DD8-44D7-A8F5-479CC75A43F1}.Debug|Mixed Platforms.Deploy.0 = Debug|Any CPU
		{EFD8274A-8DD8-44D7-A8F5-479CC75A43F1}.Release|Any CPU.ActiveCfg = Release|Any CPU
		{EFD8274A-8DD8-44D7-A8F5-479CC75A43F1}.Release|Any CPU.Build.0 = Release|Any CPU
		{EFD8274A-8DD8-44D7-A8F5-479CC75A43F1}.Release|Any CPU.Deploy.0 = Release|Any CPU
		{EFD8274A-8DD8-44D7-A8F5-479CC75A43F1}.Release|iPhone.ActiveCfg = Release|Any CPU
		{EFD8274A-8DD8-44D7-A8F5-479CC75A43F1}.Release|iPhoneSimulator.ActiveCfg = Release|Any CPU
		{EFD8274A-8DD8-44D7-A8F5-479CC75A43F1}.Release|Mixed Platforms.ActiveCfg = Release|Any CPU
		{EFD8274A-8DD8-44D7-A8F5-479CC75A43F1}.Release|Mixed Platforms.Build.0 = Release|Any CPU
		{EFD8274A-8DD8-44D7-A8F5-479CC75A43F1}.Release|Mixed Platforms.Deploy.0 = Release|Any CPU
		{8F3D6BBF-33A2-420C-8063-35454EA72462}.Ad-Hoc|Any CPU.ActiveCfg = Debug|Any CPU
		{8F3D6BBF-33A2-420C-8063-35454EA72462}.Ad-Hoc|Any CPU.Build.0 = Debug|Any CPU
		{8F3D6BBF-33A2-420C-8063-35454EA72462}.Ad-Hoc|iPhone.ActiveCfg = Debug|Any CPU
		{8F3D6BBF-33A2-420C-8063-35454EA72462}.Ad-Hoc|iPhone.Build.0 = Debug|Any CPU
		{8F3D6BBF-33A2-420C-8063-35454EA72462}.Ad-Hoc|iPhoneSimulator.ActiveCfg = Debug|Any CPU
		{8F3D6BBF-33A2-420C-8063-35454EA72462}.Ad-Hoc|iPhoneSimulator.Build.0 = Debug|Any CPU
		{8F3D6BBF-33A2-420C-8063-35454EA72462}.Ad-Hoc|Mixed Platforms.ActiveCfg = Debug|Any CPU
		{8F3D6BBF-33A2-420C-8063-35454EA72462}.Ad-Hoc|Mixed Platforms.Build.0 = Debug|Any CPU
		{8F3D6BBF-33A2-420C-8063-35454EA72462}.AppStore|Any CPU.ActiveCfg = Debug|Any CPU
		{8F3D6BBF-33A2-420C-8063-35454EA72462}.AppStore|Any CPU.Build.0 = Debug|Any CPU
		{8F3D6BBF-33A2-420C-8063-35454EA72462}.AppStore|iPhone.ActiveCfg = Debug|Any CPU
		{8F3D6BBF-33A2-420C-8063-35454EA72462}.AppStore|iPhone.Build.0 = Debug|Any CPU
		{8F3D6BBF-33A2-420C-8063-35454EA72462}.AppStore|iPhoneSimulator.ActiveCfg = Debug|Any CPU
		{8F3D6BBF-33A2-420C-8063-35454EA72462}.AppStore|iPhoneSimulator.Build.0 = Debug|Any CPU
		{8F3D6BBF-33A2-420C-8063-35454EA72462}.AppStore|Mixed Platforms.ActiveCfg = Debug|Any CPU
		{8F3D6BBF-33A2-420C-8063-35454EA72462}.AppStore|Mixed Platforms.Build.0 = Debug|Any CPU
		{8F3D6BBF-33A2-420C-8063-35454EA72462}.Debug|Any CPU.ActiveCfg = Debug|Any CPU
		{8F3D6BBF-33A2-420C-8063-35454EA72462}.Debug|Any CPU.Build.0 = Debug|Any CPU
		{8F3D6BBF-33A2-420C-8063-35454EA72462}.Debug|iPhone.ActiveCfg = Debug|Any CPU
		{8F3D6BBF-33A2-420C-8063-35454EA72462}.Debug|iPhone.Build.0 = Debug|Any CPU
		{8F3D6BBF-33A2-420C-8063-35454EA72462}.Debug|iPhoneSimulator.ActiveCfg = Debug|Any CPU
		{8F3D6BBF-33A2-420C-8063-35454EA72462}.Debug|iPhoneSimulator.Build.0 = Debug|Any CPU
		{8F3D6BBF-33A2-420C-8063-35454EA72462}.Debug|Mixed Platforms.ActiveCfg = Debug|x86
		{8F3D6BBF-33A2-420C-8063-35454EA72462}.Debug|Mixed Platforms.Build.0 = Debug|x86
		{8F3D6BBF-33A2-420C-8063-35454EA72462}.Debug|Mixed Platforms.Deploy.0 = Debug|x86
		{8F3D6BBF-33A2-420C-8063-35454EA72462}.Release|Any CPU.ActiveCfg = Release|Any CPU
		{8F3D6BBF-33A2-420C-8063-35454EA72462}.Release|Any CPU.Build.0 = Release|Any CPU
		{8F3D6BBF-33A2-420C-8063-35454EA72462}.Release|iPhone.ActiveCfg = Release|Any CPU
		{8F3D6BBF-33A2-420C-8063-35454EA72462}.Release|iPhone.Build.0 = Release|Any CPU
		{8F3D6BBF-33A2-420C-8063-35454EA72462}.Release|iPhoneSimulator.ActiveCfg = Release|Any CPU
		{8F3D6BBF-33A2-420C-8063-35454EA72462}.Release|iPhoneSimulator.Build.0 = Release|Any CPU
		{8F3D6BBF-33A2-420C-8063-35454EA72462}.Release|Mixed Platforms.ActiveCfg = Release|Any CPU
		{8F3D6BBF-33A2-420C-8063-35454EA72462}.Release|Mixed Platforms.Build.0 = Release|Any CPU
		{87CF7AB7-CD72-4DE7-B4FD-55AC3097CB93}.Ad-Hoc|Any CPU.ActiveCfg = Debug|Any CPU
		{87CF7AB7-CD72-4DE7-B4FD-55AC3097CB93}.Ad-Hoc|Any CPU.Build.0 = Debug|Any CPU
		{87CF7AB7-CD72-4DE7-B4FD-55AC3097CB93}.Ad-Hoc|iPhone.ActiveCfg = Debug|Any CPU
		{87CF7AB7-CD72-4DE7-B4FD-55AC3097CB93}.Ad-Hoc|iPhone.Build.0 = Debug|Any CPU
		{87CF7AB7-CD72-4DE7-B4FD-55AC3097CB93}.Ad-Hoc|iPhoneSimulator.ActiveCfg = Debug|Any CPU
		{87CF7AB7-CD72-4DE7-B4FD-55AC3097CB93}.Ad-Hoc|iPhoneSimulator.Build.0 = Debug|Any CPU
		{87CF7AB7-CD72-4DE7-B4FD-55AC3097CB93}.Ad-Hoc|Mixed Platforms.ActiveCfg = Debug|Any CPU
		{87CF7AB7-CD72-4DE7-B4FD-55AC3097CB93}.Ad-Hoc|Mixed Platforms.Build.0 = Debug|Any CPU
		{87CF7AB7-CD72-4DE7-B4FD-55AC3097CB93}.AppStore|Any CPU.ActiveCfg = Debug|Any CPU
		{87CF7AB7-CD72-4DE7-B4FD-55AC3097CB93}.AppStore|Any CPU.Build.0 = Debug|Any CPU
		{87CF7AB7-CD72-4DE7-B4FD-55AC3097CB93}.AppStore|iPhone.ActiveCfg = Debug|Any CPU
		{87CF7AB7-CD72-4DE7-B4FD-55AC3097CB93}.AppStore|iPhone.Build.0 = Debug|Any CPU
		{87CF7AB7-CD72-4DE7-B4FD-55AC3097CB93}.AppStore|iPhoneSimulator.ActiveCfg = Debug|Any CPU
		{87CF7AB7-CD72-4DE7-B4FD-55AC3097CB93}.AppStore|iPhoneSimulator.Build.0 = Debug|Any CPU
		{87CF7AB7-CD72-4DE7-B4FD-55AC3097CB93}.AppStore|Mixed Platforms.ActiveCfg = Debug|Any CPU
		{87CF7AB7-CD72-4DE7-B4FD-55AC3097CB93}.AppStore|Mixed Platforms.Build.0 = Debug|Any CPU
		{87CF7AB7-CD72-4DE7-B4FD-55AC3097CB93}.Debug|Any CPU.ActiveCfg = Debug|Any CPU
		{87CF7AB7-CD72-4DE7-B4FD-55AC3097CB93}.Debug|Any CPU.Build.0 = Debug|Any CPU
		{87CF7AB7-CD72-4DE7-B4FD-55AC3097CB93}.Debug|iPhone.ActiveCfg = Debug|Any CPU
		{87CF7AB7-CD72-4DE7-B4FD-55AC3097CB93}.Debug|iPhone.Build.0 = Debug|Any CPU
		{87CF7AB7-CD72-4DE7-B4FD-55AC3097CB93}.Debug|iPhoneSimulator.ActiveCfg = Debug|Any CPU
		{87CF7AB7-CD72-4DE7-B4FD-55AC3097CB93}.Debug|iPhoneSimulator.Build.0 = Debug|Any CPU
		{87CF7AB7-CD72-4DE7-B4FD-55AC3097CB93}.Debug|Mixed Platforms.ActiveCfg = Debug|x86
		{87CF7AB7-CD72-4DE7-B4FD-55AC3097CB93}.Release|Any CPU.ActiveCfg = Release|Any CPU
		{87CF7AB7-CD72-4DE7-B4FD-55AC3097CB93}.Release|Any CPU.Build.0 = Release|Any CPU
		{87CF7AB7-CD72-4DE7-B4FD-55AC3097CB93}.Release|iPhone.ActiveCfg = Release|Any CPU
		{87CF7AB7-CD72-4DE7-B4FD-55AC3097CB93}.Release|iPhone.Build.0 = Release|Any CPU
		{87CF7AB7-CD72-4DE7-B4FD-55AC3097CB93}.Release|iPhoneSimulator.ActiveCfg = Release|Any CPU
		{87CF7AB7-CD72-4DE7-B4FD-55AC3097CB93}.Release|iPhoneSimulator.Build.0 = Release|Any CPU
		{87CF7AB7-CD72-4DE7-B4FD-55AC3097CB93}.Release|Mixed Platforms.ActiveCfg = Release|Any CPU
		{87CF7AB7-CD72-4DE7-B4FD-55AC3097CB93}.Release|Mixed Platforms.Build.0 = Release|Any CPU
	EndGlobalSection
	GlobalSection(SolutionProperties) = preSolution
		HideSolutionNode = FALSE
	EndGlobalSection
	GlobalSection(NestedProjects) = preSolution
		{8F3D6BBF-33A2-420C-8063-35454EA72462} = {07BF4011-D013-4989-BC1E-1B1593E47E06}
		{87CF7AB7-CD72-4DE7-B4FD-55AC3097CB93} = {07BF4011-D013-4989-BC1E-1B1593E47E06}
		{8465DD18-327E-42F7-A0CD-4BFDA69642E4} = {07BF4011-D013-4989-BC1E-1B1593E47E06}
	EndGlobalSection
	GlobalSection(MonoDevelopProperties) = preSolution
		StartupItem = Snake.IOS\Snake.IOS.csproj
	EndGlobalSection
EndGlobal
